
Microsoft Visual Studio Solution File, Format Version 12.00
# Visual Studio 2013
VisualStudioVersion = 12.0.21005.1
MinimumVisualStudioVersion = 10.0.40219.1
Project("{2150E333-8FDC-42A3-9474-1A3956D46DE8}") = "TeamDay.Infrastructure", "TeamDay.Infrastructure", "{DA97FCF6-77CB-423B-AF19-74D22A02A780}"
EndProject
Project("{2150E333-8FDC-42A3-9474-1A3956D46DE8}") = "TeamDay.Data", "TeamDay.Data", "{45A503BF-1341-48D6-B43F-9A037F05D1B8}"
EndProject
Project("{2150E333-8FDC-42A3-9474-1A3956D46DE8}") = "TeamDay.ServiceProvider", "TeamDay.ServiceProvider", "{E250A29A-B32A-49AA-A816-20FB25A856DC}"
EndProject
Project("{2150E333-8FDC-42A3-9474-1A3956D46DE8}") = "TeamDay.Application", "TeamDay.Application", "{C5D6BA2D-7B2F-4A4C-AB14-D1CA28826184}"
EndProject
Project("{FAE04EC0-301F-11D3-BF4B-00C04F79EFBC}") = "TeamDay.WebApis", "TeamDay.WebApis\TeamDay.WebApis.csproj", "{8784B1AD-6ED8-47C0-844B-D1B5A2A10164}"
EndProject
Project("{FAE04EC0-301F-11D3-BF4B-00C04F79EFBC}") = "TeamDay.WebSite", "TeamDay.WebSite\TeamDay.WebSite.csproj", "{1F0A747F-ECB2-4796-BB41-F0E0765FEBBF}"
EndProject
Project("{FAE04EC0-301F-11D3-BF4B-00C04F79EFBC}") = "TeamDay.Models", "TeamDay.Models\TeamDay.Models.csproj", "{B771AFB1-E78E-4A8B-9421-FCA437B3AD93}"
EndProject
Project("{FAE04EC0-301F-11D3-BF4B-00C04F79EFBC}") = "TeamDay.Helpers", "TeamDay.Helpers\TeamDay.Helpers.csproj", "{65BA9F27-44E8-4ABB-B3C8-F52150D43DEB}"
EndProject
Project("{FAE04EC0-301F-11D3-BF4B-00C04F79EFBC}") = "TeamDay.DAL", "TeamDay.DAL\TeamDay.DAL.csproj", "{27CEED81-9836-4973-BABE-264B9B924CFB}"
EndProject
Project("{FAE04EC0-301F-11D3-BF4B-00C04F79EFBC}") = "TeamDay.CoreServices", "TeamDay.CoreServices\TeamDay.CoreServices.csproj", "{066F6BE2-73EF-45FE-AF0F-09CF27FC74FA}"
EndProject
Project("{FAE04EC0-301F-11D3-BF4B-00C04F79EFBC}") = "TeamDay.Components", "TeamDay.CommonModels\TeamDay.Components.csproj", "{E456329B-6555-4D9D-B092-AEBBE764B602}"
EndProject
Project("{2150E333-8FDC-42A3-9474-1A3956D46DE8}") = "TeamDay.Others", "TeamDay.Others", "{5FC6F420-E008-4937-8D3B-15CF0E1286AF}"
EndProject
Project("{FAE04EC0-301F-11D3-BF4B-00C04F79EFBC}") = "TeamDay.Testor", "TeamDay.Testor\TeamDay.Testor.csproj", "{09069289-27EB-4D59-8E6B-76B86F4587B1}"
EndProject
Project("{FAE04EC0-301F-11D3-BF4B-00C04F79EFBC}") = "TeamDay.EntityFrameworkOrm", "TeamDay.EntityFrameworkOrm\TeamDay.EntityFrameworkOrm.csproj", "{CEC4BB7D-9C07-4473-AA8D-66B94D4A241D}"
EndProject
Global
	GlobalSection(SolutionConfigurationPlatforms) = preSolution
		Debug|Any CPU = Debug|Any CPU
		Release|Any CPU = Release|Any CPU
	EndGlobalSection
	GlobalSection(ProjectConfigurationPlatforms) = postSolution
		{8784B1AD-6ED8-47C0-844B-D1B5A2A10164}.Debug|Any CPU.ActiveCfg = Debug|Any CPU
		{8784B1AD-6ED8-47C0-844B-D1B5A2A10164}.Debug|Any CPU.Build.0 = Debug|Any CPU
		{8784B1AD-6ED8-47C0-844B-D1B5A2A10164}.Release|Any CPU.ActiveCfg = Release|Any CPU
		{8784B1AD-6ED8-47C0-844B-D1B5A2A10164}.Release|Any CPU.Build.0 = Release|Any CPU
		{1F0A747F-ECB2-4796-BB41-F0E0765FEBBF}.Debug|Any CPU.ActiveCfg = Debug|Any CPU
		{1F0A747F-ECB2-4796-BB41-F0E0765FEBBF}.Debug|Any CPU.Build.0 = Debug|Any CPU
		{1F0A747F-ECB2-4796-BB41-F0E0765FEBBF}.Release|Any CPU.ActiveCfg = Release|Any CPU
		{1F0A747F-ECB2-4796-BB41-F0E0765FEBBF}.Release|Any CPU.Build.0 = Release|Any CPU
		{B771AFB1-E78E-4A8B-9421-FCA437B3AD93}.Debug|Any CPU.ActiveCfg = Debug|Any CPU
		{B771AFB1-E78E-4A8B-9421-FCA437B3AD93}.Debug|Any CPU.Build.0 = Debug|Any CPU
		{B771AFB1-E78E-4A8B-9421-FCA437B3AD93}.Release|Any CPU.ActiveCfg = Release|Any CPU
		{B771AFB1-E78E-4A8B-9421-FCA437B3AD93}.Release|Any CPU.Build.0 = Release|Any CPU
		{65BA9F27-44E8-4ABB-B3C8-F52150D43DEB}.Debug|Any CPU.ActiveCfg = Debug|Any CPU
		{65BA9F27-44E8-4ABB-B3C8-F52150D43DEB}.Debug|Any CPU.Build.0 = Debug|Any CPU
		{65BA9F27-44E8-4ABB-B3C8-F52150D43DEB}.Release|Any CPU.ActiveCfg = Release|Any CPU
		{65BA9F27-44E8-4ABB-B3C8-F52150D43DEB}.Release|Any CPU.Build.0 = Release|Any CPU
		{27CEED81-9836-4973-BABE-264B9B924CFB}.Debug|Any CPU.ActiveCfg = Debug|Any CPU
		{27CEED81-9836-4973-BABE-264B9B924CFB}.Debug|Any CPU.Build.0 = Debug|Any CPU
		{27CEED81-9836-4973-BABE-264B9B924CFB}.Release|Any CPU.ActiveCfg = Release|Any CPU
		{27CEED81-9836-4973-BABE-264B9B924CFB}.Release|Any CPU.Build.0 = Release|Any CPU
		{066F6BE2-73EF-45FE-AF0F-09CF27FC74FA}.Debug|Any CPU.ActiveCfg = Debug|Any CPU
		{066F6BE2-73EF-45FE-AF0F-09CF27FC74FA}.Debug|Any CPU.Build.0 = Debug|Any CPU
		{066F6BE2-73EF-45FE-AF0F-09CF27FC74FA}.Release|Any CPU.ActiveCfg = Release|Any CPU
		{066F6BE2-73EF-45FE-AF0F-09CF27FC74FA}.Release|Any CPU.Build.0 = Release|Any CPU
		{E456329B-6555-4D9D-B092-AEBBE764B602}.Debug|Any CPU.ActiveCfg = Debug|Any CPU
		{E456329B-6555-4D9D-B092-AEBBE764B602}.Debug|Any CPU.Build.0 = Debug|Any CPU
		{E456329B-6555-4D9D-B092-AEBBE764B602}.Release|Any CPU.ActiveCfg = Release|Any CPU
		{E456329B-6555-4D9D-B092-AEBBE764B602}.Release|Any CPU.Build.0 = Release|Any CPU
		{09069289-27EB-4D59-8E6B-76B86F4587B1}.Debug|Any CPU.ActiveCfg = Debug|Any CPU
		{09069289-27EB-4D59-8E6B-76B86F4587B1}.Debug|Any CPU.Build.0 = Debug|Any CPU
		{09069289-27EB-4D59-8E6B-76B86F4587B1}.Release|Any CPU.ActiveCfg = Release|Any CPU
		{09069289-27EB-4D59-8E6B-76B86F4587B1}.Release|Any CPU.Build.0 = Release|Any CPU
		{CEC4BB7D-9C07-4473-AA8D-66B94D4A241D}.Debug|Any CPU.ActiveCfg = Debug|Any CPU
		{CEC4BB7D-9C07-4473-AA8D-66B94D4A241D}.Debug|Any CPU.Build.0 = Debug|Any CPU
		{CEC4BB7D-9C07-4473-AA8D-66B94D4A241D}.Release|Any CPU.ActiveCfg = Release|Any CPU
		{CEC4BB7D-9C07-4473-AA8D-66B94D4A241D}.Release|Any CPU.Build.0 = Release|Any CPU
	EndGlobalSection
	GlobalSection(SolutionProperties) = preSolution
		HideSolutionNode = FALSE
	EndGlobalSection
	GlobalSection(NestedProjects) = preSolution
		{65BA9F27-44E8-4ABB-B3C8-F52150D43DEB} = {DA97FCF6-77CB-423B-AF19-74D22A02A780}
		{E456329B-6555-4D9D-B092-AEBBE764B602} = {DA97FCF6-77CB-423B-AF19-74D22A02A780}
		{B771AFB1-E78E-4A8B-9421-FCA437B3AD93} = {45A503BF-1341-48D6-B43F-9A037F05D1B8}
		{27CEED81-9836-4973-BABE-264B9B924CFB} = {45A503BF-1341-48D6-B43F-9A037F05D1B8}
		{CEC4BB7D-9C07-4473-AA8D-66B94D4A241D} = {45A503BF-1341-48D6-B43F-9A037F05D1B8}
		{066F6BE2-73EF-45FE-AF0F-09CF27FC74FA} = {E250A29A-B32A-49AA-A816-20FB25A856DC}
		{8784B1AD-6ED8-47C0-844B-D1B5A2A10164} = {C5D6BA2D-7B2F-4A4C-AB14-D1CA28826184}
		{1F0A747F-ECB2-4796-BB41-F0E0765FEBBF} = {C5D6BA2D-7B2F-4A4C-AB14-D1CA28826184}
		{09069289-27EB-4D59-8E6B-76B86F4587B1} = {5FC6F420-E008-4937-8D3B-15CF0E1286AF}
	EndGlobalSection
EndGlobal
